// !$*UTF8*$!
{
	archiveVersion = 1;
	classes = {
	};
	objectVersion = 56;
	objects = {

/* Begin PBXBuildFile section */
		1B3C1E142A651EBF00CCCE65 /* AppDelegate.swift in Sources */ = {isa = PBXBuildFile; fileRef = 1B3C1E132A651EBF00CCCE65 /* AppDelegate.swift */; };
		1B3C1E162A651EBF00CCCE65 /* SceneDelegate.swift in Sources */ = {isa = PBXBuildFile; fileRef = 1B3C1E152A651EBF00CCCE65 /* SceneDelegate.swift */; };
		1B3C1E182A651EBF00CCCE65 /* ViewController.swift in Sources */ = {isa = PBXBuildFile; fileRef = 1B3C1E172A651EBF00CCCE65 /* ViewController.swift */; };
		1B3C1E1B2A651EBF00CCCE65 /* Main.storyboard in Resources */ = {isa = PBXBuildFile; fileRef = 1B3C1E192A651EBF00CCCE65 /* Main.storyboard */; };
		1B3C1E1D2A651EC000CCCE65 /* Assets.xcassets in Resources */ = {isa = PBXBuildFile; fileRef = 1B3C1E1C2A651EC000CCCE65 /* Assets.xcassets */; };
		1B3C1E202A651EC000CCCE65 /* LaunchScreen.storyboard in Resources */ = {isa = PBXBuildFile; fileRef = 1B3C1E1E2A651EC000CCCE65 /* LaunchScreen.storyboard */; };
		1B3C1E2B2A651EC000CCCE65 /* ParkingLotTests.swift in Sources */ = {isa = PBXBuildFile; fileRef = 1B3C1E2A2A651EC000CCCE65 /* ParkingLotTests.swift */; };
		1B3C1E352A651EC000CCCE65 /* ParkingLotUITests.swift in Sources */ = {isa = PBXBuildFile; fileRef = 1B3C1E342A651EC000CCCE65 /* ParkingLotUITests.swift */; };
		1B3C1E372A651EC000CCCE65 /* ParkingLotUITestsLaunchTests.swift in Sources */ = {isa = PBXBuildFile; fileRef = 1B3C1E362A651EC000CCCE65 /* ParkingLotUITestsLaunchTests.swift */; };
		1B3C1E442A651EEB00CCCE65 /* CheckInPark.swift in Sources */ = {isa = PBXBuildFile; fileRef = 1B3C1E432A651EEB00CCCE65 /* CheckInPark.swift */; };
		1B3C1E462A651EFA00CCCE65 /* ExitPark.swift in Sources */ = {isa = PBXBuildFile; fileRef = 1B3C1E452A651EFA00CCCE65 /* ExitPark.swift */; };
		1B3C1E482A651F4700CCCE65 /* TcketPage.swift in Sources */ = {isa = PBXBuildFile; fileRef = 1B3C1E472A651F4700CCCE65 /* TcketPage.swift */; };
		1B3C1E4A2A651F5D00CCCE65 /* HomePage.swift in Sources */ = {isa = PBXBuildFile; fileRef = 1B3C1E492A651F5D00CCCE65 /* HomePage.swift */; };
		1B3C1E4C2A651F7B00CCCE65 /* ParkingSite.swift in Sources */ = {isa = PBXBuildFile; fileRef = 1B3C1E4B2A651F7B00CCCE65 /* ParkingSite.swift */; };
		1B3C1E4E2A651F9600CCCE65 /* Utility.swift in Sources */ = {isa = PBXBuildFile; fileRef = 1B3C1E4D2A651F9600CCCE65 /* Utility.swift */; };
		1B3C1E542A65203B00CCCE65 /* parkingData.xcdatamodeld in Sources */ = {isa = PBXBuildFile; fileRef = 1B3C1E522A65203B00CCCE65 /* parkingData.xcdatamodeld */; };
		1B403DDF2A670892004194B3 /* ExitShowPage.swift in Sources */ = {isa = PBXBuildFile; fileRef = 1B403DDE2A670892004194B3 /* ExitShowPage.swift */; };
		1B403DE12A671872004194B3 /* PricePay.swift in Sources */ = {isa = PBXBuildFile; fileRef = 1B403DE02A671872004194B3 /* PricePay.swift */; };
/* End PBXBuildFile section */

/* Begin PBXContainerItemProxy section */
		1B3C1E272A651EC000CCCE65 /* PBXContainerItemProxy */ = {
			isa = PBXContainerItemProxy;
			containerPortal = 1B3C1E082A651EBF00CCCE65 /* Project object */;
			proxyType = 1;
			remoteGlobalIDString = 1B3C1E0F2A651EBF00CCCE65;
			remoteInfo = ParkingLot;
		};
		1B3C1E312A651EC000CCCE65 /* PBXContainerItemProxy */ = {
			isa = PBXContainerItemProxy;
			containerPortal = 1B3C1E082A651EBF00CCCE65 /* Project object */;
			proxyType = 1;
			remoteGlobalIDString = 1B3C1E0F2A651EBF00CCCE65;
			remoteInfo = ParkingLot;
		};
/* End PBXContainerItemProxy section */

/* Begin PBXFileReference section */
		1B3C1E102A651EBF00CCCE65 /* ParkingLot.app */ = {isa = PBXFileReference; explicitFileType = wrapper.application; includeInIndex = 0; path = ParkingLot.app; sourceTree = BUILT_PRODUCTS_DIR; };
		1B3C1E132A651EBF00CCCE65 /* AppDelegate.swift */ = {isa = PBXFileReference; lastKnownFileType = sourcecode.swift; path = AppDelegate.swift; sourceTree = "<group>"; };
		1B3C1E152A651EBF00CCCE65 /* SceneDelegate.swift */ = {isa = PBXFileReference; lastKnownFileType = sourcecode.swift; path = SceneDelegate.swift; sourceTree = "<group>"; };
		1B3C1E172A651EBF00CCCE65 /* ViewController.swift */ = {isa = PBXFileReference; lastKnownFileType = sourcecode.swift; path = ViewController.swift; sourceTree = "<group>"; };
		1B3C1E1A2A651EBF00CCCE65 /* Base */ = {isa = PBXFileReference; lastKnownFileType = file.storyboard; name = Base; path = Base.lproj/Main.storyboard; sourceTree = "<group>"; };
		1B3C1E1C2A651EC000CCCE65 /* Assets.xcassets */ = {isa = PBXFileReference; lastKnownFileType = folder.assetcatalog; path = Assets.xcassets; sourceTree = "<group>"; };
		1B3C1E1F2A651EC000CCCE65 /* Base */ = {isa = PBXFileReference; lastKnownFileType = file.storyboard; name = Base; path = Base.lproj/LaunchScreen.storyboard; sourceTree = "<group>"; };
		1B3C1E212A651EC000CCCE65 /* Info.plist */ = {isa = PBXFileReference; lastKnownFileType = text.plist.xml; path = Info.plist; sourceTree = "<group>"; };
		1B3C1E262A651EC000CCCE65 /* ParkingLotTests.xctest */ = {isa = PBXFileReference; explicitFileType = wrapper.cfbundle; includeInIndex = 0; path = ParkingLotTests.xctest; sourceTree = BUILT_PRODUCTS_DIR; };
		1B3C1E2A2A651EC000CCCE65 /* ParkingLotTests.swift */ = {isa = PBXFileReference; lastKnownFileType = sourcecode.swift; path = ParkingLotTests.swift; sourceTree = "<group>"; };
		1B3C1E302A651EC000CCCE65 /* ParkingLotUITests.xctest */ = {isa = PBXFileReference; explicitFileType = wrapper.cfbundle; includeInIndex = 0; path = ParkingLotUITests.xctest; sourceTree = BUILT_PRODUCTS_DIR; };
		1B3C1E342A651EC000CCCE65 /* ParkingLotUITests.swift */ = {isa = PBXFileReference; lastKnownFileType = sourcecode.swift; path = ParkingLotUITests.swift; sourceTree = "<group>"; };
		1B3C1E362A651EC000CCCE65 /* ParkingLotUITestsLaunchTests.swift */ = {isa = PBXFileReference; lastKnownFileType = sourcecode.swift; path = ParkingLotUITestsLaunchTests.swift; sourceTree = "<group>"; };
		1B3C1E432A651EEB00CCCE65 /* CheckInPark.swift */ = {isa = PBXFileReference; lastKnownFileType = sourcecode.swift; path = CheckInPark.swift; sourceTree = "<group>"; };
		1B3C1E452A651EFA00CCCE65 /* ExitPark.swift */ = {isa = PBXFileReference; lastKnownFileType = sourcecode.swift; path = ExitPark.swift; sourceTree = "<group>"; };
		1B3C1E472A651F4700CCCE65 /* TcketPage.swift */ = {isa = PBXFileReference; lastKnownFileType = sourcecode.swift; path = TcketPage.swift; sourceTree = "<group>"; };
		1B3C1E492A651F5D00CCCE65 /* HomePage.swift */ = {isa = PBXFileReference; lastKnownFileType = sourcecode.swift; path = HomePage.swift; sourceTree = "<group>"; };
		1B3C1E4B2A651F7B00CCCE65 /* ParkingSite.swift */ = {isa = PBXFileReference; lastKnownFileType = sourcecode.swift; path = ParkingSite.swift; sourceTree = "<group>"; };
		1B3C1E4D2A651F9600CCCE65 /* Utility.swift */ = {isa = PBXFileReference; lastKnownFileType = sourcecode.swift; path = Utility.swift; sourceTree = "<group>"; };
		1B3C1E532A65203B00CCCE65 /* parkingData.xcdatamodel */ = {isa = PBXFileReference; lastKnownFileType = wrapper.xcdatamodel; path = parkingData.xcdatamodel; sourceTree = "<group>"; };
		1B403DDE2A670892004194B3 /* ExitShowPage.swift */ = {isa = PBXFileReference; lastKnownFileType = sourcecode.swift; path = ExitShowPage.swift; sourceTree = "<group>"; };
		1B403DE02A671872004194B3 /* PricePay.swift */ = {isa = PBXFileReference; lastKnownFileType = sourcecode.swift; path = PricePay.swift; sourceTree = "<group>"; };
/* End PBXFileReference section */

/* Begin PBXFrameworksBuildPhase section */
		1B3C1E0D2A651EBF00CCCE65 /* Frameworks */ = {
			isa = PBXFrameworksBuildPhase;
			buildActionMask = 2147483647;
			files = (
			);
			runOnlyForDeploymentPostprocessing = 0;
		};
		1B3C1E232A651EC000CCCE65 /* Frameworks */ = {
			isa = PBXFrameworksBuildPhase;
			buildActionMask = 2147483647;
			files = (
			);
			runOnlyForDeploymentPostprocessing = 0;
		};
		1B3C1E2D2A651EC000CCCE65 /* Frameworks */ = {
			isa = PBXFrameworksBuildPhase;
			buildActionMask = 2147483647;
			files = (
			);
			runOnlyForDeploymentPostprocessing = 0;
		};
/* End PBXFrameworksBuildPhase section */

/* Begin PBXGroup section */
		1B3C1E072A651EBF00CCCE65 = {
			isa = PBXGroup;
			children = (
				1B3C1E122A651EBF00CCCE65 /* ParkingLot */,
				1B3C1E292A651EC000CCCE65 /* ParkingLotTests */,
				1B3C1E332A651EC000CCCE65 /* ParkingLotUITests */,
				1B3C1E112A651EBF00CCCE65 /* Products */,
			);
			sourceTree = "<group>";
		};
		1B3C1E112A651EBF00CCCE65 /* Products */ = {
			isa = PBXGroup;
			children = (
				1B3C1E102A651EBF00CCCE65 /* ParkingLot.app */,
				1B3C1E262A651EC000CCCE65 /* ParkingLotTests.xctest */,
				1B3C1E302A651EC000CCCE65 /* ParkingLotUITests.xctest */,
			);
			name = Products;
			sourceTree = "<group>";
		};
		1B3C1E122A651EBF00CCCE65 /* ParkingLot */ = {
			isa = PBXGroup;
			children = (
				1B3C1E132A651EBF00CCCE65 /* AppDelegate.swift */,
				1B3C1E152A651EBF00CCCE65 /* SceneDelegate.swift */,
				1B3C1E172A651EBF00CCCE65 /* ViewController.swift */,
				1B3C1E492A651F5D00CCCE65 /* HomePage.swift */,
				1B3C1E432A651EEB00CCCE65 /* CheckInPark.swift */,
				1B3C1E472A651F4700CCCE65 /* TcketPage.swift */,
				1B3C1E452A651EFA00CCCE65 /* ExitPark.swift */,
				1B403DDE2A670892004194B3 /* ExitShowPage.swift */,
				1B403DE02A671872004194B3 /* PricePay.swift */,
				1B3C1E4B2A651F7B00CCCE65 /* ParkingSite.swift */,
				1B3C1E4D2A651F9600CCCE65 /* Utility.swift */,
				1B3C1E522A65203B00CCCE65 /* parkingData.xcdatamodeld */,
				1B3C1E192A651EBF00CCCE65 /* Main.storyboard */,
				1B3C1E1C2A651EC000CCCE65 /* Assets.xcassets */,
				1B3C1E1E2A651EC000CCCE65 /* LaunchScreen.storyboard */,
				1B3C1E212A651EC000CCCE65 /* Info.plist */,
			);
			path = ParkingLot;
			sourceTree = "<group>";
		};
		1B3C1E292A651EC000CCCE65 /* ParkingLotTests */ = {
			isa = PBXGroup;
			children = (
				1B3C1E2A2A651EC000CCCE65 /* ParkingLotTests.swift */,
			);
			path = ParkingLotTests;
			sourceTree = "<group>";
		};
		1B3C1E332A651EC000CCCE65 /* ParkingLotUITests */ = {
			isa = PBXGroup;
			children = (
				1B3C1E342A651EC000CCCE65 /* ParkingLotUITests.swift */,
				1B3C1E362A651EC000CCCE65 /* ParkingLotUITestsLaunchTests.swift */,
			);
			path = ParkingLotUITests;
			sourceTree = "<group>";
		};
/* End PBXGroup section */

/* Begin PBXNativeTarget section */
		1B3C1E0F2A651EBF00CCCE65 /* ParkingLot */ = {
			isa = PBXNativeTarget;
			buildConfigurationList = 1B3C1E3A2A651EC000CCCE65 /* Build configuration list for PBXNativeTarget "ParkingLot" */;
			buildPhases = (
				1B3C1E0C2A651EBF00CCCE65 /* Sources */,
				1B3C1E0D2A651EBF00CCCE65 /* Frameworks */,
				1B3C1E0E2A651EBF00CCCE65 /* Resources */,
			);
			buildRules = (
			);
			dependencies = (
			);
			name = ParkingLot;
			productName = ParkingLot;
			productReference = 1B3C1E102A651EBF00CCCE65 /* ParkingLot.app */;
			productType = "com.apple.product-type.application";
		};
		1B3C1E252A651EC000CCCE65 /* ParkingLotTests */ = {
			isa = PBXNativeTarget;
			buildConfigurationList = 1B3C1E3D2A651EC000CCCE65 /* Build configuration list for PBXNativeTarget "ParkingLotTests" */;
			buildPhases = (
				1B3C1E222A651EC000CCCE65 /* Sources */,
				1B3C1E232A651EC000CCCE65 /* Frameworks */,
				1B3C1E242A651EC000CCCE65 /* Resources */,
			);
			buildRules = (
			);
			dependencies = (
				1B3C1E282A651EC000CCCE65 /* PBXTargetDependency */,
			);
			name = ParkingLotTests;
			productName = ParkingLotTests;
			productReference = 1B3C1E262A651EC000CCCE65 /* ParkingLotTests.xctest */;
			productType = "com.apple.product-type.bundle.unit-test";
		};
		1B3C1E2F2A651EC000CCCE65 /* ParkingLotUITests */ = {
			isa = PBXNativeTarget;
			buildConfigurationList = 1B3C1E402A651EC000CCCE65 /* Build configuration list for PBXNativeTarget "ParkingLotUITests" */;
			buildPhases = (
				1B3C1E2C2A651EC000CCCE65 /* Sources */,
				1B3C1E2D2A651EC000CCCE65 /* Frameworks */,
				1B3C1E2E2A651EC000CCCE65 /* Resources */,
			);
			buildRules = (
			);
			dependencies = (
				1B3C1E322A651EC000CCCE65 /* PBXTargetDependency */,
			);
			name = ParkingLotUITests;
			productName = ParkingLotUITests;
			productReference = 1B3C1E302A651EC000CCCE65 /* ParkingLotUITests.xctest */;
			productType = "com.apple.product-type.bundle.ui-testing";
		};
/* End PBXNativeTarget section */

/* Begin PBXProject section */
		1B3C1E082A651EBF00CCCE65 /* Project object */ = {
			isa = PBXProject;
			attributes = {
				BuildIndependentTargetsInParallel = 1;
				LastSwiftUpdateCheck = 1430;
				LastUpgradeCheck = 1430;
				TargetAttributes = {
					1B3C1E0F2A651EBF00CCCE65 = {
						CreatedOnToolsVersion = 14.3.1;
					};
					1B3C1E252A651EC000CCCE65 = {
						CreatedOnToolsVersion = 14.3.1;
						TestTargetID = 1B3C1E0F2A651EBF00CCCE65;
					};
					1B3C1E2F2A651EC000CCCE65 = {
						CreatedOnToolsVersion = 14.3.1;
						TestTargetID = 1B3C1E0F2A651EBF00CCCE65;
					};
				};
			};
			buildConfigurationList = 1B3C1E0B2A651EBF00CCCE65 /* Build configuration list for PBXProject "ParkingLot" */;
			compatibilityVersion = "Xcode 14.0";
			developmentRegion = en;
			hasScannedForEncodings = 0;
			knownRegions = (
				en,
				Base,
			);
			mainGroup = 1B3C1E072A651EBF00CCCE65;
			productRefGroup = 1B3C1E112A651EBF00CCCE65 /* Products */;
			projectDirPath = "";
			projectRoot = "";
			targets = (
				1B3C1E0F2A651EBF00CCCE65 /* ParkingLot */,
				1B3C1E252A651EC000CCCE65 /* ParkingLotTests */,
				1B3C1E2F2A651EC000CCCE65 /* ParkingLotUITests */,
			);
		};
/* End PBXProject section */

/* Begin PBXResourcesBuildPhase section */
		1B3C1E0E2A651EBF00CCCE65 /* Resources */ = {
			isa = PBXResourcesBuildPhase;
			buildActionMask = 2147483647;
			files = (
				1B3C1E202A651EC000CCCE65 /* LaunchScreen.storyboard in Resources */,
				1B3C1E1D2A651EC000CCCE65 /* Assets.xcassets in Resources */,
				1B3C1E1B2A651EBF00CCCE65 /* Main.storyboard in Resources */,
			);
			runOnlyForDeploymentPostprocessing = 0;
		};
		1B3C1E242A651EC000CCCE65 /* Resources */ = {
			isa = PBXResourcesBuildPhase;
			buildActionMask = 2147483647;
			files = (
			);
			runOnlyForDeploymentPostprocessing = 0;
		};
		1B3C1E2E2A651EC000CCCE65 /* Resources */ = {
			isa = PBXResourcesBuildPhase;
			buildActionMask = 2147483647;
			files = (
			);
			runOnlyForDeploymentPostprocessing = 0;
		};
/* End PBXResourcesBuildPhase section */

/* Begin PBXSourcesBuildPhase section */
		1B3C1E0C2A651EBF00CCCE65 /* Sources */ = {
			isa = PBXSourcesBuildPhase;
			buildActionMask = 2147483647;
			files = (
				1B3C1E542A65203B00CCCE65 /* parkingData.xcdatamodeld in Sources */,
				1B3C1E182A651EBF00CCCE65 /* ViewController.swift in Sources */,
				1B403DDF2A670892004194B3 /* ExitShowPage.swift in Sources */,
				1B3C1E142A651EBF00CCCE65 /* AppDelegate.swift in Sources */,
				1B3C1E4E2A651F9600CCCE65 /* Utility.swift in Sources */,
				1B3C1E162A651EBF00CCCE65 /* SceneDelegate.swift in Sources */,
				1B3C1E462A651EFA00CCCE65 /* ExitPark.swift in Sources */,
				1B3C1E482A651F4700CCCE65 /* TcketPage.swift in Sources */,
				1B3C1E4C2A651F7B00CCCE65 /* ParkingSite.swift in Sources */,
				1B3C1E4A2A651F5D00CCCE65 /* HomePage.swift in Sources */,
				1B403DE12A671872004194B3 /* PricePay.swift in Sources */,
				1B3C1E442A651EEB00CCCE65 /* CheckInPark.swift in Sources */,
			);
			runOnlyForDeploymentPostprocessing = 0;
		};
		1B3C1E222A651EC000CCCE65 /* Sources */ = {
			isa = PBXSourcesBuildPhase;
			buildActionMask = 2147483647;
			files = (
				1B3C1E2B2A651EC000CCCE65 /* ParkingLotTests.swift in Sources */,
			);
			runOnlyForDeploymentPostprocessing = 0;
		};
		1B3C1E2C2A651EC000CCCE65 /* Sources */ = {
			isa = PBXSourcesBuildPhase;
			buildActionMask = 2147483647;
			files = (
				1B3C1E352A651EC000CCCE65 /* ParkingLotUITests.swift in Sources */,
				1B3C1E372A651EC000CCCE65 /* ParkingLotUITestsLaunchTests.swift in Sources */,
			);
			runOnlyForDeploymentPostprocessing = 0;
		};
/* End PBXSourcesBuildPhase section */

/* Begin PBXTargetDependency section */
		1B3C1E282A651EC000CCCE65 /* PBXTargetDependency */ = {
			isa = PBXTargetDependency;
			target = 1B3C1E0F2A651EBF00CCCE65 /* ParkingLot */;
			targetProxy = 1B3C1E272A651EC000CCCE65 /* PBXContainerItemProxy */;
		};
		1B3C1E322A651EC000CCCE65 /* PBXTargetDependency */ = {
			isa = PBXTargetDependency;
			target = 1B3C1E0F2A651EBF00CCCE65 /* ParkingLot */;
			targetProxy = 1B3C1E312A651EC000CCCE65 /* PBXContainerItemProxy */;
		};
/* End PBXTargetDependency section */

/* Begin PBXVariantGroup section */
		1B3C1E192A651EBF00CCCE65 /* Main.storyboard */ = {
			isa = PBXVariantGroup;
			children = (
				1B3C1E1A2A651EBF00CCCE65 /* Base */,
			);
			name = Main.storyboard;
			sourceTree = "<group>";
		};
		1B3C1E1E2A651EC000CCCE65 /* LaunchScreen.storyboard */ = {
			isa = PBXVariantGroup;
			children = (
				1B3C1E1F2A651EC000CCCE65 /* Base */,
			);
			name = LaunchScreen.storyboard;
			sourceTree = "<group>";
		};
/* End PBXVariantGroup section */

/* Begin XCBuildConfiguration section */
		1B3C1E382A651EC000CCCE65 /* Debug */ = {
			isa = XCBuildConfiguration;
			buildSettings = {
				ALWAYS_SEARCH_USER_PATHS = NO;
				CLANG_ANALYZER_NONNULL = YES;
				CLANG_ANALYZER_NUMBER_OBJECT_CONVERSION = YES_AGGRESSIVE;
				CLANG_CXX_LANGUAGE_STANDARD = "gnu++20";
				CLANG_ENABLE_MODULES = YES;
				CLANG_ENABLE_OBJC_ARC = YES;
				CLANG_ENABLE_OBJC_WEAK = YES;
				CLANG_WARN_BLOCK_CAPTURE_AUTORELEASING = YES;
				CLANG_WARN_BOOL_CONVERSION = YES;
				CLANG_WARN_COMMA = YES;
				CLANG_WARN_CONSTANT_CONVERSION = YES;
				CLANG_WARN_DEPRECATED_OBJC_IMPLEMENTATIONS = YES;
				CLANG_WARN_DIRECT_OBJC_ISA_USAGE = YES_ERROR;
				CLANG_WARN_DOCUMENTATION_COMMENTS = YES;
				CLANG_WARN_EMPTY_BODY = YES;
				CLANG_WARN_ENUM_CONVERSION = YES;
				CLANG_WARN_INFINITE_RECURSION = YES;
				CLANG_WARN_INT_CONVERSION = YES;
				CLANG_WARN_NON_LITERAL_NULL_CONVERSION = YES;
				CLANG_WARN_OBJC_IMPLICIT_RETAIN_SELF = YES;
				CLANG_WARN_OBJC_LITERAL_CONVERSION = YES;
				CLANG_WARN_OBJC_ROOT_CLASS = YES_ERROR;
				CLANG_WARN_QUOTED_INCLUDE_IN_FRAMEWORK_HEADER = YES;
				CLANG_WARN_RANGE_LOOP_ANALYSIS = YES;
				CLANG_WARN_STRICT_PROTOTYPES = YES;
				CLANG_WARN_SUSPICIOUS_MOVE = YES;
				CLANG_WARN_UNGUARDED_AVAILABILITY = YES_AGGRESSIVE;
				CLANG_WARN_UNREACHABLE_CODE = YES;
				CLANG_WARN__DUPLICATE_METHOD_MATCH = YES;
				COPY_PHASE_STRIP = NO;
				DEBUG_INFORMATION_FORMAT = dwarf;
				ENABLE_STRICT_OBJC_MSGSEND = YES;
				ENABLE_TESTABILITY = YES;
				GCC_C_LANGUAGE_STANDARD = gnu11;
				GCC_DYNAMIC_NO_PIC = NO;
				GCC_NO_COMMON_BLOCKS = YES;
				GCC_OPTIMIZATION_LEVEL = 0;
				GCC_PREPROCESSOR_DEFINITIONS = (
					"DEBUG=1",
					"$(inherited)",
				);
				GCC_WARN_64_TO_32_BIT_CONVERSION = YES;
				GCC_WARN_ABOUT_RETURN_TYPE = YES_ERROR;
				GCC_WARN_UNDECLARED_SELECTOR = YES;
				GCC_WARN_UNINITIALIZED_AUTOS = YES_AGGRESSIVE;
				GCC_WARN_UNUSED_FUNCTION = YES;
				GCC_WARN_UNUSED_VARIABLE = YES;
				IPHONEOS_DEPLOYMENT_TARGET = 16.4;
				MTL_ENABLE_DEBUG_INFO = INCLUDE_SOURCE;
				MTL_FAST_MATH = YES;
				ONLY_ACTIVE_ARCH = YES;
				SDKROOT = iphoneos;
				SWIFT_ACTIVE_COMPILATION_CONDITIONS = DEBUG;
				SWIFT_OPTIMIZATION_LEVEL = "-Onone";
			};
			name = Debug;
		};
		1B3C1E392A651EC000CCCE65 /* Release */ = {
			isa = XCBuildConfiguration;
			buildSettings = {
				ALWAYS_SEARCH_USER_PATHS = NO;
				CLANG_ANALYZER_NONNULL = YES;
				CLANG_ANALYZER_NUMBER_OBJECT_CONVERSION = YES_AGGRESSIVE;
				CLANG_CXX_LANGUAGE_STANDARD = "gnu++20";
				CLANG_ENABLE_MODULES = YES;
				CLANG_ENABLE_OBJC_ARC = YES;
				CLANG_ENABLE_OBJC_WEAK = YES;
				CLANG_WARN_BLOCK_CAPTURE_AUTORELEASING = YES;
				CLANG_WARN_BOOL_CONVERSION = YES;
				CLANG_WARN_COMMA = YES;
				CLANG_WARN_CONSTANT_CONVERSION = YES;
				CLANG_WARN_DEPRECATED_OBJC_IMPLEMENTATIONS = YES;
				CLANG_WARN_DIRECT_OBJC_ISA_USAGE = YES_ERROR;
				CLANG_WARN_DOCUMENTATION_COMMENTS = YES;
				CLANG_WARN_EMPTY_BODY = YES;
				CLANG_WARN_ENUM_CONVERSION = YES;
				CLANG_WARN_INFINITE_RECURSION = YES;
				CLANG_WARN_INT_CONVERSION = YES;
				CLANG_WARN_NON_LITERAL_NULL_CONVERSION = YES;
				CLANG_WARN_OBJC_IMPLICIT_RETAIN_SELF = YES;
				CLANG_WARN_OBJC_LITERAL_CONVERSION = YES;
				CLANG_WARN_OBJC_ROOT_CLASS = YES_ERROR;
				CLANG_WARN_QUOTED_INCLUDE_IN_FRAMEWORK_HEADER = YES;
				CLANG_WARN_RANGE_LOOP_ANALYSIS = YES;
				CLANG_WARN_STRICT_PROTOTYPES = YES;
				CLANG_WARN_SUSPICIOUS_MOVE = YES;
				CLANG_WARN_UNGUARDED_AVAILABILITY = YES_AGGRESSIVE;
				CLANG_WARN_UNREACHABLE_CODE = YES;
				CLANG_WARN__DUPLICATE_METHOD_MATCH = YES;
				COPY_PHASE_STRIP = NO;
				DEBUG_INFORMATION_FORMAT = "dwarf-with-dsym";
				ENABLE_NS_ASSERTIONS = NO;
				ENABLE_STRICT_OBJC_MSGSEND = YES;
				GCC_C_LANGUAGE_STANDARD = gnu11;
				GCC_NO_COMMON_BLOCKS = YES;
				GCC_WARN_64_TO_32_BIT_CONVERSION = YES;
				GCC_WARN_ABOUT_RETURN_TYPE = YES_ERROR;
				GCC_WARN_UNDECLARED_SELECTOR = YES;
				GCC_WARN_UNINITIALIZED_AUTOS = YES_AGGRESSIVE;
				GCC_WARN_UNUSED_FUNCTION = YES;
				GCC_WARN_UNUSED_VARIABLE = YES;
				IPHONEOS_DEPLOYMENT_TARGET = 16.4;
				MTL_ENABLE_DEBUG_INFO = NO;
				MTL_FAST_MATH = YES;
				SDKROOT = iphoneos;
				SWIFT_COMPILATION_MODE = wholemodule;
				SWIFT_OPTIMIZATION_LEVEL = "-O";
				VALIDATE_PRODUCT = YES;
			};
			name = Release;
		};
		1B3C1E3B2A651EC000CCCE65 /* Debug */ = {
			isa = XCBuildConfiguration;
			buildSettings = {
				ASSETCATALOG_COMPILER_APPICON_NAME = AppIcon;
				ASSETCATALOG_COMPILER_GLOBAL_ACCENT_COLOR_NAME = AccentColor;
				CODE_SIGN_STYLE = Automatic;
				CURRENT_PROJECT_VERSION = 1;
				GENERATE_INFOPLIST_FILE = YES;
				INFOPLIST_FILE = ParkingLot/Info.plist;
				INFOPLIST_KEY_UIApplicationSupportsIndirectInputEvents = YES;
				INFOPLIST_KEY_UILaunchStoryboardName = LaunchScreen;
				INFOPLIST_KEY_UIMainStoryboardFile = Main;
				INFOPLIST_KEY_UISupportedInterfaceOrientations_iPad = "UIInterfaceOrientationPortrait UIInterfaceOrientationPortraitUpsideDown UIInterfaceOrientationLandscapeLeft UIInterfaceOrientationLandscapeRight";
				INFOPLIST_KEY_UISupportedInterfaceOrientations_iPhone = "UIInterfaceOrientationPortrait UIInterfaceOrientationLandscapeLeft UIInterfaceOrientationLandscapeRight";
				LD_RUNPATH_SEARCH_PATHS = (
					"$(inherited)",
					"@executable_path/Frameworks",
				);
				MARKETING_VERSION = 1.0;
				PRODUCT_BUNDLE_IDENTIFIER = WhiteCloud.ParkingLot;
				PRODUCT_NAME = "$(TARGET_NAME)";
				SWIFT_EMIT_LOC_STRINGS = YES;
				SWIFT_VERSION = 5.0;
				TARGETED_DEVICE_FAMILY = "1,2";
			};
			name = Debug;
		};
		1B3C1E3C2A651EC000CCCE65 /* Release */ = {
			isa = XCBuildConfiguration;
			buildSettings = {
				ASSETCATALOG_COMPILER_APPICON_NAME = AppIcon;
				ASSETCATALOG_COMPILER_GLOBAL_ACCENT_COLOR_NAME = AccentColor;
				CODE_SIGN_STYLE = Automatic;
				CURRENT_PROJECT_VERSION = 1;
				GENERATE_INFOPLIST_FILE = YES;
				INFOPLIST_FILE = ParkingLot/Info.plist;
				INFOPLIST_KEY_UIApplicationSupportsIndirectInputEvents = YES;
				INFOPLIST_KEY_UILaunchStoryboardName = LaunchScreen;
				INFOPLIST_KEY_UIMainStoryboardFile = Main;
				INFOPLIST_KEY_UISupportedInterfaceOrientations_iPad = "UIInterfaceOrientationPortrait UIInterfaceOrientationPortraitUpsideDown UIInterfaceOrientationLandscapeLeft UIInterfaceOrientationLandscapeRight";
				INFOPLIST_KEY_UISupportedInterfaceOrientations_iPhone = "UIInterfaceOrientationPortrait UIInterfaceOrientationLandscapeLeft UIInterfaceOrientationLandscapeRight";
				LD_RUNPATH_SEARCH_PATHS = (
					"$(inherited)",
					"@executable_path/Frameworks",
				);
				MARKETING_VERSION = 1.0;
				PRODUCT_BUNDLE_IDENTIFIER = WhiteCloud.ParkingLot;
				PRODUCT_NAME = "$(TARGET_NAME)";
				SWIFT_EMIT_LOC_STRINGS = YES;
				SWIFT_VERSION = 5.0;
				TARGETED_DEVICE_FAMILY = "1,2";
			};
			name = Release;
		};
		1B3C1E3E2A651EC000CCCE65 /* Debug */ = {
			isa = XCBuildConfiguration;
			buildSettings = {
				ALWAYS_EMBED_SWIFT_STANDARD_LIBRARIES = YES;
				BUNDLE_LOADER = "$(TEST_HOST)";
				CODE_SIGN_STYLE = Automatic;
				CURRENT_PROJECT_VERSION = 1;
				GENERATE_INFOPLIST_FILE = YES;
				IPHONEOS_DEPLOYMENT_TARGET = 16.4;
				MARKETING_VERSION = 1.0;
				PRODUCT_BUNDLE_IDENTIFIER = WhiteCloud.ParkingLotTests;
				PRODUCT_NAME = "$(TARGET_NAME)";
				SWIFT_EMIT_LOC_STRINGS = NO;
				SWIFT_VERSION = 5.0;
				TARGETED_DEVICE_FAMILY = "1,2";
				TEST_HOST = "$(BUILT_PRODUCTS_DIR)/ParkingLot.app/$(BUNDLE_EXECUTABLE_FOLDER_PATH)/ParkingLot";
			};
			name = Debug;
		};
		1B3C1E3F2A651EC000CCCE65 /* Release */ = {
			isa = XCBuildConfiguration;
			buildSettings = {
				ALWAYS_EMBED_SWIFT_STANDARD_LIBRARIES = YES;
				BUNDLE_LOADER = "$(TEST_HOST)";
				CODE_SIGN_STYLE = Automatic;
				CURRENT_PROJECT_VERSION = 1;
				GENERATE_INFOPLIST_FILE = YES;
				IPHONEOS_DEPLOYMENT_TARGET = 16.4;
				MARKETING_VERSION = 1.0;
				PRODUCT_BUNDLE_IDENTIFIER = WhiteCloud.ParkingLotTests;
				PRODUCT_NAME = "$(TARGET_NAME)";
				SWIFT_EMIT_LOC_STRINGS = NO;
				SWIFT_VERSION = 5.0;
				TARGETED_DEVICE_FAMILY = "1,2";
				TEST_HOST = "$(BUILT_PRODUCTS_DIR)/ParkingLot.app/$(BUNDLE_EXECUTABLE_FOLDER_PATH)/ParkingLot";
			};
			name = Release;
		};
		1B3C1E412A651EC000CCCE65 /* Debug */ = {
			isa = XCBuildConfiguration;
			buildSettings = {
				ALWAYS_EMBED_SWIFT_STANDARD_LIBRARIES = YES;
				CODE_SIGN_STYLE = Automatic;
				CURRENT_PROJECT_VERSION = 1;
				GENERATE_INFOPLIST_FILE = YES;
				MARKETING_VERSION = 1.0;
				PRODUCT_BUNDLE_IDENTIFIER = WhiteCloud.ParkingLotUITests;
				PRODUCT_NAME = "$(TARGET_NAME)";
				SWIFT_EMIT_LOC_STRINGS = NO;
				SWIFT_VERSION = 5.0;
				TARGETED_DEVICE_FAMILY = "1,2";
				TEST_TARGET_NAME = ParkingLot;
			};
			name = Debug;
		};
		1B3C1E422A651EC000CCCE65 /* Release */ = {
			isa = XCBuildConfiguration;
			buildSettings = {
				ALWAYS_EMBED_SWIFT_STANDARD_LIBRARIES = YES;
				CODE_SIGN_STYLE = Automatic;
				CURRENT_PROJECT_VERSION = 1;
				GENERATE_INFOPLIST_FILE = YES;
				MARKETING_VERSION = 1.0;
				PRODUCT_BUNDLE_IDENTIFIER = WhiteCloud.ParkingLotUITests;
				PRODUCT_NAME = "$(TARGET_NAME)";
				SWIFT_EMIT_LOC_STRINGS = NO;
				SWIFT_VERSION = 5.0;
				TARGETED_DEVICE_FAMILY = "1,2";
				TEST_TARGET_NAME = ParkingLot;
			};
			name = Release;
		};
/* End XCBuildConfiguration section */

/* Begin XCConfigurationList section */
		1B3C1E0B2A651EBF00CCCE65 /* Build configuration list for PBXProject "ParkingLot" */ = {
			isa = XCConfigurationList;
			buildConfigurations = (
				1B3C1E382A651EC000CCCE65 /* Debug */,
				1B3C1E392A651EC000CCCE65 /* Release */,
			);
			defaultConfigurationIsVisible = 0;
			defaultConfigurationName = Release;
		};
		1B3C1E3A2A651EC000CCCE65 /* Build configuration list for PBXNativeTarget "ParkingLot" */ = {
			isa = XCConfigurationList;
			buildConfigurations = (
				1B3C1E3B2A651EC000CCCE65 /* Debug */,
				1B3C1E3C2A651EC000CCCE65 /* Release */,
			);
			defaultConfigurationIsVisible = 0;
			defaultConfigurationName = Release;
		};
		1B3C1E3D2A651EC000CCCE65 /* Build configuration list for PBXNativeTarget "ParkingLotTests" */ = {
			isa = XCConfigurationList;
			buildConfigurations = (
				1B3C1E3E2A651EC000CCCE65 /* Debug */,
				1B3C1E3F2A651EC000CCCE65 /* Release */,
			);
			defaultConfigurationIsVisible = 0;
			defaultConfigurationName = Release;
		};
		1B3C1E402A651EC000CCCE65 /* Build configuration list for PBXNativeTarget "ParkingLotUITests" */ = {
			isa = XCConfigurationList;
			buildConfigurations = (
				1B3C1E412A651EC000CCCE65 /* Debug */,
				1B3C1E422A651EC000CCCE65 /* Release */,
			);
			defaultConfigurationIsVisible = 0;
			defaultConfigurationName = Release;
		};
/* End XCConfigurationList section */

/* Begin XCVersionGroup section */
		1B3C1E522A65203B00CCCE65 /* parkingData.xcdatamodeld */ = {
			isa = XCVersionGroup;
			children = (
				1B3C1E532A65203B00CCCE65 /* parkingData.xcdatamodel */,
			);
			currentVersion = 1B3C1E532A65203B00CCCE65 /* parkingData.xcdatamodel */;
			path = parkingData.xcdatamodeld;
			sourceTree = "<group>";
			versionGroupType = wrapper.xcdatamodel;
		};
/* End XCVersionGroup section */
	};
	rootObject = 1B3C1E082A651EBF00CCCE65 /* Project object */;
}
